
Microsoft Visual Studio Solution File, Format Version 12.00
# Visual Studio 15
VisualStudioVersion = 15.0.27130.2010
MinimumVisualStudioVersion = 10.0.40219.1
Project("{9A19103F-16F7-4668-BE54-9A1E7A4F7556}") = "Contracts", "Contracts\Contracts.csproj", "{93005F0B-7975-4296-98BC-240385682C58}"
EndProject
Project("{9A19103F-16F7-4668-BE54-9A1E7A4F7556}") = "Entities", "Entities\Entities.csproj", "{285EF711-42C8-4F3C-9BBC-805ADF7CA7C6}"
EndProject
Project("{9A19103F-16F7-4668-BE54-9A1E7A4F7556}") = "RepositoryMemory", "RepositoryMemory\RepositoryMemory.csproj", "{176648BE-6901-4C8A-9E34-B7E89F3A151B}"
EndProject
Global
	GlobalSection(SolutionConfigurationPlatforms) = preSolution
		Debug|Any CPU = Debug|Any CPU
		Release|Any CPU = Release|Any CPU
	EndGlobalSection
	GlobalSection(ProjectConfigurationPlatforms) = postSolution
		{93005F0B-7975-4296-98BC-240385682C58}.Debug|Any CPU.ActiveCfg = Debug|Any CPU
		{93005F0B-7975-4296-98BC-240385682C58}.Debug|Any CPU.Build.0 = Debug|Any CPU
		{93005F0B-7975-4296-98BC-240385682C58}.Release|Any CPU.ActiveCfg = Release|Any CPU
		{93005F0B-7975-4296-98BC-240385682C58}.Release|Any CPU.Build.0 = Release|Any CPU
		{285EF711-42C8-4F3C-9BBC-805ADF7CA7C6}.Debug|Any CPU.ActiveCfg = Debug|Any CPU
		{285EF711-42C8-4F3C-9BBC-805ADF7CA7C6}.Debug|Any CPU.Build.0 = Debug|Any CPU
		{285EF711-42C8-4F3C-9BBC-805ADF7CA7C6}.Release|Any CPU.ActiveCfg = Release|Any CPU
		{285EF711-42C8-4F3C-9BBC-805ADF7CA7C6}.Release|Any CPU.Build.0 = Release|Any CPU
		{176648BE-6901-4C8A-9E34-B7E89F3A151B}.Debug|Any CPU.ActiveCfg = Debug|Any CPU
		{176648BE-6901-4C8A-9E34-B7E89F3A151B}.Debug|Any CPU.Build.0 = Debug|Any CPU
		{176648BE-6901-4C8A-9E34-B7E89F3A151B}.Release|Any CPU.ActiveCfg = Release|Any CPU
		{176648BE-6901-4C8A-9E34-B7E89F3A151B}.Release|Any CPU.Build.0 = Release|Any CPU
	EndGlobalSection
	GlobalSection(SolutionProperties) = preSolution
		HideSolutionNode = FALSE
	EndGlobalSection
	GlobalSection(ExtensibilityGlobals) = postSolution
		SolutionGuid = {C440377F-FFFB-4E28-BD38-0BA079FEDC9D}
	EndGlobalSection
EndGlobal
